
Microsoft Visual Studio Solution File, Format Version 12.00
# Visual Studio 2013
VisualStudioVersion = 12.0.31101.0
MinimumVisualStudioVersion = 10.0.40219.1
Project("{FAE04EC0-301F-11D3-BF4B-00C04F79EFBC}") = "UI", "UI\UI.csproj", "{DD6BB78F-4C48-4E22-A8D7-BBBECD9D10C1}"
EndProject
Project("{FAE04EC0-301F-11D3-BF4B-00C04F79EFBC}") = "ContextLayer", "ContextLayer\ContextLayer.csproj", "{B4B3778E-3017-42E1-8B22-C11E88EFD99E}"
EndProject
Project("{FAE04EC0-301F-11D3-BF4B-00C04F79EFBC}") = "Models", "Models\Models.csproj", "{B5D3C110-702D-44C8-9013-8A670CE9019B}"
EndProject
Project("{FAE04EC0-301F-11D3-BF4B-00C04F79EFBC}") = "RepositoryLayer", "RepositoryLayer\RepositoryLayer.csproj", "{F720A621-6314-4205-A79A-97390FE13C22}"
EndProject
Global
	GlobalSection(SolutionConfigurationPlatforms) = preSolution
		Debug|Any CPU = Debug|Any CPU
		Release|Any CPU = Release|Any CPU
	EndGlobalSection
	GlobalSection(ProjectConfigurationPlatforms) = postSolution
		{DD6BB78F-4C48-4E22-A8D7-BBBECD9D10C1}.Debug|Any CPU.ActiveCfg = Debug|Any CPU
		{DD6BB78F-4C48-4E22-A8D7-BBBECD9D10C1}.Debug|Any CPU.Build.0 = Debug|Any CPU
		{DD6BB78F-4C48-4E22-A8D7-BBBECD9D10C1}.Release|Any CPU.ActiveCfg = Release|Any CPU
		{DD6BB78F-4C48-4E22-A8D7-BBBECD9D10C1}.Release|Any CPU.Build.0 = Release|Any CPU
		{B4B3778E-3017-42E1-8B22-C11E88EFD99E}.Debug|Any CPU.ActiveCfg = Debug|Any CPU
		{B4B3778E-3017-42E1-8B22-C11E88EFD99E}.Debug|Any CPU.Build.0 = Debug|Any CPU
		{B4B3778E-3017-42E1-8B22-C11E88EFD99E}.Release|Any CPU.ActiveCfg = Release|Any CPU
		{B4B3778E-3017-42E1-8B22-C11E88EFD99E}.Release|Any CPU.Build.0 = Release|Any CPU
		{B5D3C110-702D-44C8-9013-8A670CE9019B}.Debug|Any CPU.ActiveCfg = Debug|Any CPU
		{B5D3C110-702D-44C8-9013-8A670CE9019B}.Debug|Any CPU.Build.0 = Debug|Any CPU
		{B5D3C110-702D-44C8-9013-8A670CE9019B}.Release|Any CPU.ActiveCfg = Release|Any CPU
		{B5D3C110-702D-44C8-9013-8A670CE9019B}.Release|Any CPU.Build.0 = Release|Any CPU
		{F720A621-6314-4205-A79A-97390FE13C22}.Debug|Any CPU.ActiveCfg = Debug|Any CPU
		{F720A621-6314-4205-A79A-97390FE13C22}.Debug|Any CPU.Build.0 = Debug|Any CPU
		{F720A621-6314-4205-A79A-97390FE13C22}.Release|Any CPU.ActiveCfg = Release|Any CPU
		{F720A621-6314-4205-A79A-97390FE13C22}.Release|Any CPU.Build.0 = Release|Any CPU
	EndGlobalSection
	GlobalSection(SolutionProperties) = preSolution
		HideSolutionNode = FALSE
	EndGlobalSection
EndGlobal
